
Microsoft Visual Studio Solution File, Format Version 12.00
# Visual Studio Version 16
VisualStudioVersion = 16.0.29503.13
MinimumVisualStudioVersion = 10.0.40219.1
Project("{FAE04EC0-301F-11D3-BF4B-00C04F79EFBC}") = "editor", "editor\editor.csproj", "{7C82DB62-5C6D-44DB-8BE1-7E72D7CFC823}"
EndProject
Global
	GlobalSection(SolutionConfigurationPlatforms) = preSolution
		Debug|Any CPU = Debug|Any CPU
		Release|Any CPU = Release|Any CPU
	EndGlobalSection
	GlobalSection(ProjectConfigurationPlatforms) = postSolution
		{7C82DB62-5C6D-44DB-8BE1-7E72D7CFC823}.Debug|Any CPU.ActiveCfg = Debug|Any CPU
		{7C82DB62-5C6D-44DB-8BE1-7E72D7CFC823}.Debug|Any CPU.Build.0 = Debug|Any CPU
		{7C82DB62-5C6D-44DB-8BE1-7E72D7CFC823}.Release|Any CPU.ActiveCfg = Release|Any CPU
		{7C82DB62-5C6D-44DB-8BE1-7E72D7CFC823}.Release|Any CPU.Build.0 = Release|Any CPU
	EndGlobalSection
	GlobalSection(SolutionProperties) = preSolution
		HideSolutionNode = FALSE
	EndGlobalSection
	GlobalSection(ExtensibilityGlobals) = postSolution
		SolutionGuid = {CED2673A-7070-46D0-842C-FA557B1029CF}
	EndGlobalSection
EndGlobal
